
Microsoft Visual Studio Solution File, Format Version 12.00
# Visual Studio Version 17
VisualStudioVersion = 17.5.33516.290
MinimumVisualStudioVersion = 10.0.40219.1
Project("{9A19103F-16F7-4668-BE54-9A1E7A4F7556}") = "TrainigCourses", "TrainigCourses\TrainigCourses.csproj", "{545DD32B-22AE-4340-BEC3-BDCE3CDDCE7C}"
EndProject
Project("{FAE04EC0-301F-11D3-BF4B-00C04F79EFBC}") = "WinTest", "WinTest\WinTest.csproj", "{C5D2ECBC-11AD-453D-A685-A3DD32555300}"
EndProject
Global
	GlobalSection(SolutionConfigurationPlatforms) = preSolution
		Debug|Any CPU = Debug|Any CPU
		Release|Any CPU = Release|Any CPU
	EndGlobalSection
	GlobalSection(ProjectConfigurationPlatforms) = postSolution
		{545DD32B-22AE-4340-BEC3-BDCE3CDDCE7C}.Debug|Any CPU.ActiveCfg = Debug|Any CPU
		{545DD32B-22AE-4340-BEC3-BDCE3CDDCE7C}.Debug|Any CPU.Build.0 = Debug|Any CPU
		{545DD32B-22AE-4340-BEC3-BDCE3CDDCE7C}.Release|Any CPU.ActiveCfg = Release|Any CPU
		{545DD32B-22AE-4340-BEC3-BDCE3CDDCE7C}.Release|Any CPU.Build.0 = Release|Any CPU
		{C5D2ECBC-11AD-453D-A685-A3DD32555300}.Debug|Any CPU.ActiveCfg = Debug|Any CPU
		{C5D2ECBC-11AD-453D-A685-A3DD32555300}.Debug|Any CPU.Build.0 = Debug|Any CPU
		{C5D2ECBC-11AD-453D-A685-A3DD32555300}.Release|Any CPU.ActiveCfg = Release|Any CPU
		{C5D2ECBC-11AD-453D-A685-A3DD32555300}.Release|Any CPU.Build.0 = Release|Any CPU
	EndGlobalSection
	GlobalSection(SolutionProperties) = preSolution
		HideSolutionNode = FALSE
	EndGlobalSection
	GlobalSection(ExtensibilityGlobals) = postSolution
		SolutionGuid = {B731C7FC-EFE9-4DB5-B68B-382DF73F4FF2}
	EndGlobalSection
EndGlobal
